// !$*UTF8*$!
{
	archiveVersion = 1;
	classes = {
	};
	objectVersion = 77;
	objects = {

/* Begin PBXBuildFile section */
		901722AA2ED00DA900B6B87A /* SwiftNetworking in Frameworks */ = {isa = PBXBuildFile; productRef = 901722A92ED00DA900B6B87A /* SwiftNetworking */; };
/* End PBXBuildFile section */

/* Begin PBXContainerItemProxy section */
		901721E42ECEC83B00B6B87A /* PBXContainerItemProxy */ = {
			isa = PBXContainerItemProxy;
			containerPortal = 901721CC2ECEC83900B6B87A /* Project object */;
			proxyType = 1;
			remoteGlobalIDString = 901721D32ECEC83900B6B87A;
			remoteInfo = SwiftNetworkingExample;
		};
		901721EE2ECEC83C00B6B87A /* PBXContainerItemProxy */ = {
			isa = PBXContainerItemProxy;
			containerPortal = 901721CC2ECEC83900B6B87A /* Project object */;
			proxyType = 1;
			remoteGlobalIDString = 901721D32ECEC83900B6B87A;
			remoteInfo = SwiftNetworkingExample;
		};
/* End PBXContainerItemProxy section */

/* Begin PBXFileReference section */
		901721D42ECEC83900B6B87A /* SwiftNetworkingExample.app */ = {isa = PBXFileReference; explicitFileType = wrapper.application; includeInIndex = 0; path = SwiftNetworkingExample.app; sourceTree = BUILT_PRODUCTS_DIR; };
		901721E32ECEC83B00B6B87A /* SwiftNetworkingExampleTests.xctest */ = {isa = PBXFileReference; explicitFileType = wrapper.cfbundle; includeInIndex = 0; path = SwiftNetworkingExampleTests.xctest; sourceTree = BUILT_PRODUCTS_DIR; };
		901721ED2ECEC83C00B6B87A /* SwiftNetworkingExampleUITests.xctest */ = {isa = PBXFileReference; explicitFileType = wrapper.cfbundle; includeInIndex = 0; path = SwiftNetworkingExampleUITests.xctest; sourceTree = BUILT_PRODUCTS_DIR; };
/* End PBXFileReference section */

/* Begin PBXFileSystemSynchronizedRootGroup section */
		901721D62ECEC83900B6B87A /* SwiftNetworkingExample */ = {
			isa = PBXFileSystemSynchronizedRootGroup;
			path = SwiftNetworkingExample;
			sourceTree = "<group>";
		};
		901721E62ECEC83B00B6B87A /* SwiftNetworkingExampleTests */ = {
			isa = PBXFileSystemSynchronizedRootGroup;
			path = SwiftNetworkingExampleTests;
			sourceTree = "<group>";
		};
		901721F02ECEC83C00B6B87A /* SwiftNetworkingExampleUITests */ = {
			isa = PBXFileSystemSynchronizedRootGroup;
			path = SwiftNetworkingExampleUITests;
			sourceTree = "<group>";
		};
/* End PBXFileSystemSynchronizedRootGroup section */

/* Begin PBXFrameworksBuildPhase section */
		901721D12ECEC83900B6B87A /* Frameworks */ = {
			isa = PBXFrameworksBuildPhase;
			buildActionMask = 2147483647;
			files = (
				901722AA2ED00DA900B6B87A /* SwiftNetworking in Frameworks */,
			);
			runOnlyForDeploymentPostprocessing = 0;
		};
		901721E02ECEC83B00B6B87A /* Frameworks */ = {
			isa = PBXFrameworksBuildPhase;
			buildActionMask = 2147483647;
			files = (
			);
			runOnlyForDeploymentPostprocessing = 0;
		};
		901721EA2ECEC83C00B6B87A /* Frameworks */ = {
			isa = PBXFrameworksBuildPhase;
			buildActionMask = 2147483647;
			files = (
			);
			runOnlyForDeploymentPostprocessing = 0;
		};
/* End PBXFrameworksBuildPhase section */

/* Begin PBXGroup section */
		901721CB2ECEC83900B6B87A = {
			isa = PBXGroup;
			children = (
				901721D62ECEC83900B6B87A /* SwiftNetworkingExample */,
				901721E62ECEC83B00B6B87A /* SwiftNetworkingExampleTests */,
				901721F02ECEC83C00B6B87A /* SwiftNetworkingExampleUITests */,
				901721D52ECEC83900B6B87A /* Products */,
			);
			sourceTree = "<group>";
		};
		901721D52ECEC83900B6B87A /* Products */ = {
			isa = PBXGroup;
			children = (
				901721D42ECEC83900B6B87A /* SwiftNetworkingExample.app */,
				901721E32ECEC83B00B6B87A /* SwiftNetworkingExampleTests.xctest */,
				901721ED2ECEC83C00B6B87A /* SwiftNetworkingExampleUITests.xctest */,
			);
			name = Products;
			sourceTree = "<group>";
		};
/* End PBXGroup section */

/* Begin PBXNativeTarget section */
		901721D32ECEC83900B6B87A /* SwiftNetworkingExample */ = {
			isa = PBXNativeTarget;
			buildConfigurationList = 901721F72ECEC83C00B6B87A /* Build configuration list for PBXNativeTarget "SwiftNetworkingExample" */;
			buildPhases = (
				901721D02ECEC83900B6B87A /* Sources */,
				901721D12ECEC83900B6B87A /* Frameworks */,
				901721D22ECEC83900B6B87A /* Resources */,
			);
			buildRules = (
			);
			dependencies = (
			);
			fileSystemSynchronizedGroups = (
				901721D62ECEC83900B6B87A /* SwiftNetworkingExample */,
			);
			name = SwiftNetworkingExample;
			packageProductDependencies = (
				901722A92ED00DA900B6B87A /* SwiftNetworking */,
			);
			productName = SwiftNetworkingExample;
			productReference = 901721D42ECEC83900B6B87A /* SwiftNetworkingExample.app */;
			productType = "com.apple.product-type.application";
		};
		901721E22ECEC83B00B6B87A /* SwiftNetworkingExampleTests */ = {
			isa = PBXNativeTarget;
			buildConfigurationList = 901721FA2ECEC83C00B6B87A /* Build configuration list for PBXNativeTarget "SwiftNetworkingExampleTests" */;
			buildPhases = (
				901721DF2ECEC83B00B6B87A /* Sources */,
				901721E02ECEC83B00B6B87A /* Frameworks */,
				901721E12ECEC83B00B6B87A /* Resources */,
			);
			buildRules = (
			);
			dependencies = (
				901721E52ECEC83B00B6B87A /* PBXTargetDependency */,
			);
			fileSystemSynchronizedGroups = (
				901721E62ECEC83B00B6B87A /* SwiftNetworkingExampleTests */,
			);
			name = SwiftNetworkingExampleTests;
			packageProductDependencies = (
			);
			productName = SwiftNetworkingExampleTests;
			productReference = 901721E32ECEC83B00B6B87A /* SwiftNetworkingExampleTests.xctest */;
			productType = "com.apple.product-type.bundle.unit-test";
		};
		901721EC2ECEC83C00B6B87A /* SwiftNetworkingExampleUITests */ = {
			isa = PBXNativeTarget;
			buildConfigurationList = 901721FD2ECEC83C00B6B87A /* Build configuration list for PBXNativeTarget "SwiftNetworkingExampleUITests" */;
			buildPhases = (
				901721E92ECEC83C00B6B87A /* Sources */,
				901721EA2ECEC83C00B6B87A /* Frameworks */,
				901721EB2ECEC83C00B6B87A /* Resources */,
			);
			buildRules = (
			);
			dependencies = (
				901721EF2ECEC83C00B6B87A /* PBXTargetDependency */,
			);
			fileSystemSynchronizedGroups = (
				901721F02ECEC83C00B6B87A /* SwiftNetworkingExampleUITests */,
			);
			name = SwiftNetworkingExampleUITests;
			packageProductDependencies = (
			);
			productName = SwiftNetworkingExampleUITests;
			productReference = 901721ED2ECEC83C00B6B87A /* SwiftNetworkingExampleUITests.xctest */;
			productType = "com.apple.product-type.bundle.ui-testing";
		};
/* End PBXNativeTarget section */

/* Begin PBXProject section */
		901721CC2ECEC83900B6B87A /* Project object */ = {
			isa = PBXProject;
			attributes = {
				BuildIndependentTargetsInParallel = 1;
				LastSwiftUpdateCheck = 2610;
				LastUpgradeCheck = 2610;
				TargetAttributes = {
					901721D32ECEC83900B6B87A = {
						CreatedOnToolsVersion = 26.1;
					};
					901721E22ECEC83B00B6B87A = {
						CreatedOnToolsVersion = 26.1;
						TestTargetID = 901721D32ECEC83900B6B87A;
					};
					901721EC2ECEC83C00B6B87A = {
						CreatedOnToolsVersion = 26.1;
						TestTargetID = 901721D32ECEC83900B6B87A;
					};
				};
			};
			buildConfigurationList = 901721CF2ECEC83900B6B87A /* Build configuration list for PBXProject "SwiftNetworkingExample" */;
			developmentRegion = en;
			hasScannedForEncodings = 0;
			knownRegions = (
				en,
				Base,
			);
			mainGroup = 901721CB2ECEC83900B6B87A;
			minimizedProjectReferenceProxies = 1;
			packageReferences = (
				901722A82ED00DA900B6B87A /* XCRemoteSwiftPackageReference "SwiftNetworking" */,
			);
			preferredProjectObjectVersion = 77;
			productRefGroup = 901721D52ECEC83900B6B87A /* Products */;
			projectDirPath = "";
			projectRoot = "";
			targets = (
				901721D32ECEC83900B6B87A /* SwiftNetworkingExample */,
				901721E22ECEC83B00B6B87A /* SwiftNetworkingExampleTests */,
				901721EC2ECEC83C00B6B87A /* SwiftNetworkingExampleUITests */,
			);
		};
/* End PBXProject section */

/* Begin PBXResourcesBuildPhase section */
		901721D22ECEC83900B6B87A /* Resources */ = {
			isa = PBXResourcesBuildPhase;
			buildActionMask = 2147483647;
			files = (
			);
			runOnlyForDeploymentPostprocessing = 0;
		};
		901721E12ECEC83B00B6B87A /* Resources */ = {
			isa = PBXResourcesBuildPhase;
			buildActionMask = 2147483647;
			files = (
			);
			runOnlyForDeploymentPostprocessing = 0;
		};
		901721EB2ECEC83C00B6B87A /* Resources */ = {
			isa = PBXResourcesBuildPhase;
			buildActionMask = 2147483647;
			files = (
			);
			runOnlyForDeploymentPostprocessing = 0;
		};
/* End PBXResourcesBuildPhase section */

/* Begin PBXSourcesBuildPhase section */
		901721D02ECEC83900B6B87A /* Sources */ = {
			isa = PBXSourcesBuildPhase;
			buildActionMask = 2147483647;
			files = (
			);
			runOnlyForDeploymentPostprocessing = 0;
		};
		901721DF2ECEC83B00B6B87A /* Sources */ = {
			isa = PBXSourcesBuildPhase;
			buildActionMask = 2147483647;
			files = (
			);
			runOnlyForDeploymentPostprocessing = 0;
		};
		901721E92ECEC83C00B6B87A /* Sources */ = {
			isa = PBXSourcesBuildPhase;
			buildActionMask = 2147483647;
			files = (
			);
			runOnlyForDeploymentPostprocessing = 0;
		};
/* End PBXSourcesBuildPhase section */

/* Begin PBXTargetDependency section */
		901721E52ECEC83B00B6B87A /* PBXTargetDependency */ = {
			isa = PBXTargetDependency;
			target = 901721D32ECEC83900B6B87A /* SwiftNetworkingExample */;
			targetProxy = 901721E42ECEC83B00B6B87A /* PBXContainerItemProxy */;
		};
		901721EF2ECEC83C00B6B87A /* PBXTargetDependency */ = {
			isa = PBXTargetDependency;
			target = 901721D32ECEC83900B6B87A /* SwiftNetworkingExample */;
			targetProxy = 901721EE2ECEC83C00B6B87A /* PBXContainerItemProxy */;
		};
/* End PBXTargetDependency section */

/* Begin XCBuildConfiguration section */
		901721F52ECEC83C00B6B87A /* Debug */ = {
			isa = XCBuildConfiguration;
			buildSettings = {
				ALWAYS_SEARCH_USER_PATHS = NO;
				ASSETCATALOG_COMPILER_GENERATE_SWIFT_ASSET_SYMBOL_EXTENSIONS = YES;
				CLANG_ANALYZER_NONNULL = YES;
				CLANG_ANALYZER_NUMBER_OBJECT_CONVERSION = YES_AGGRESSIVE;
				CLANG_CXX_LANGUAGE_STANDARD = "gnu++20";
				CLANG_ENABLE_MODULES = YES;
				CLANG_ENABLE_OBJC_ARC = YES;
				CLANG_ENABLE_OBJC_WEAK = YES;
				CLANG_WARN_BLOCK_CAPTURE_AUTORELEASING = YES;
				CLANG_WARN_BOOL_CONVERSION = YES;
				CLANG_WARN_COMMA = YES;
				CLANG_WARN_CONSTANT_CONVERSION = YES;
				CLANG_WARN_DEPRECATED_OBJC_IMPLEMENTATIONS = YES;
				CLANG_WARN_DIRECT_OBJC_ISA_USAGE = YES_ERROR;
				CLANG_WARN_DOCUMENTATION_COMMENTS = YES;
				CLANG_WARN_EMPTY_BODY = YES;
				CLANG_WARN_ENUM_CONVERSION = YES;
				CLANG_WARN_INFINITE_RECURSION = YES;
				CLANG_WARN_INT_CONVERSION = YES;
				CLANG_WARN_NON_LITERAL_NULL_CONVERSION = YES;
				CLANG_WARN_OBJC_IMPLICIT_RETAIN_SELF = YES;
				CLANG_WARN_OBJC_LITERAL_CONVERSION = YES;
				CLANG_WARN_OBJC_ROOT_CLASS = YES_ERROR;
				CLANG_WARN_QUOTED_INCLUDE_IN_FRAMEWORK_HEADER = YES;
				CLANG_WARN_RANGE_LOOP_ANALYSIS = YES;
				CLANG_WARN_STRICT_PROTOTYPES = YES;
				CLANG_WARN_SUSPICIOUS_MOVE = YES;
				CLANG_WARN_UNGUARDED_AVAILABILITY = YES_AGGRESSIVE;
				CLANG_WARN_UNREACHABLE_CODE = YES;
				CLANG_WARN__DUPLICATE_METHOD_MATCH = YES;
				COPY_PHASE_STRIP = NO;
				DEBUG_INFORMATION_FORMAT = dwarf;
				ENABLE_STRICT_OBJC_MSGSEND = YES;
				ENABLE_TESTABILITY = YES;
				ENABLE_USER_SCRIPT_SANDBOXING = YES;
				GCC_C_LANGUAGE_STANDARD = gnu17;
				GCC_DYNAMIC_NO_PIC = NO;
				GCC_NO_COMMON_BLOCKS = YES;
				GCC_OPTIMIZATION_LEVEL = 0;
				GCC_PREPROCESSOR_DEFINITIONS = (
					"DEBUG=1",
					"$(inherited)",
				);
				GCC_WARN_64_TO_32_BIT_CONVERSION = YES;
				GCC_WARN_ABOUT_RETURN_TYPE = YES_ERROR;
				GCC_WARN_UNDECLARED_SELECTOR = YES;
				GCC_WARN_UNINITIALIZED_AUTOS = YES_AGGRESSIVE;
				GCC_WARN_UNUSED_FUNCTION = YES;
				GCC_WARN_UNUSED_VARIABLE = YES;
				IPHONEOS_DEPLOYMENT_TARGET = 26.1;
				LOCALIZATION_PREFERS_STRING_CATALOGS = YES;
				MTL_ENABLE_DEBUG_INFO = INCLUDE_SOURCE;
				MTL_FAST_MATH = YES;
				ONLY_ACTIVE_ARCH = YES;
				SDKROOT = iphoneos;
				SWIFT_ACTIVE_COMPILATION_CONDITIONS = "DEBUG $(inherited)";
				SWIFT_OPTIMIZATION_LEVEL = "-Onone";
			};
			name = Debug;
		};
		901721F62ECEC83C00B6B87A /* Release */ = {
			isa = XCBuildConfiguration;
			buildSettings = {
				ALWAYS_SEARCH_USER_PATHS = NO;
				ASSETCATALOG_COMPILER_GENERATE_SWIFT_ASSET_SYMBOL_EXTENSIONS = YES;
				CLANG_ANALYZER_NONNULL = YES;
				CLANG_ANALYZER_NUMBER_OBJECT_CONVERSION = YES_AGGRESSIVE;
				CLANG_CXX_LANGUAGE_STANDARD = "gnu++20";
				CLANG_ENABLE_MODULES = YES;
				CLANG_ENABLE_OBJC_ARC = YES;
				CLANG_ENABLE_OBJC_WEAK = YES;
				CLANG_WARN_BLOCK_CAPTURE_AUTORELEASING = YES;
				CLANG_WARN_BOOL_CONVERSION = YES;
				CLANG_WARN_COMMA = YES;
				CLANG_WARN_CONSTANT_CONVERSION = YES;
				CLANG_WARN_DEPRECATED_OBJC_IMPLEMENTATIONS = YES;
				CLANG_WARN_DIRECT_OBJC_ISA_USAGE = YES_ERROR;
				CLANG_WARN_DOCUMENTATION_COMMENTS = YES;
				CLANG_WARN_EMPTY_BODY = YES;
				CLANG_WARN_ENUM_CONVERSION = YES;
				CLANG_WARN_INFINITE_RECURSION = YES;
				CLANG_WARN_INT_CONVERSION = YES;
				CLANG_WARN_NON_LITERAL_NULL_CONVERSION = YES;
				CLANG_WARN_OBJC_IMPLICIT_RETAIN_SELF = YES;
				CLANG_WARN_OBJC_LITERAL_CONVERSION = YES;
				CLANG_WARN_OBJC_ROOT_CLASS = YES_ERROR;
				CLANG_WARN_QUOTED_INCLUDE_IN_FRAMEWORK_HEADER = YES;
				CLANG_WARN_RANGE_LOOP_ANALYSIS = YES;
				CLANG_WARN_STRICT_PROTOTYPES = YES;
				CLANG_WARN_SUSPICIOUS_MOVE = YES;
				CLANG_WARN_UNGUARDED_AVAILABILITY = YES_AGGRESSIVE;
				CLANG_WARN_UNREACHABLE_CODE = YES;
				CLANG_WARN__DUPLICATE_METHOD_MATCH = YES;
				COPY_PHASE_STRIP = NO;
				DEBUG_INFORMATION_FORMAT = "dwarf-with-dsym";
				ENABLE_NS_ASSERTIONS = NO;
				ENABLE_STRICT_OBJC_MSGSEND = YES;
				ENABLE_USER_SCRIPT_SANDBOXING = YES;
				GCC_C_LANGUAGE_STANDARD = gnu17;
				GCC_NO_COMMON_BLOCKS = YES;
				GCC_WARN_64_TO_32_BIT_CONVERSION = YES;
				GCC_WARN_ABOUT_RETURN_TYPE = YES_ERROR;
				GCC_WARN_UNDECLARED_SELECTOR = YES;
				GCC_WARN_UNINITIALIZED_AUTOS = YES_AGGRESSIVE;
				GCC_WARN_UNUSED_FUNCTION = YES;
				GCC_WARN_UNUSED_VARIABLE = YES;
				IPHONEOS_DEPLOYMENT_TARGET = 26.1;
				LOCALIZATION_PREFERS_STRING_CATALOGS = YES;
				MTL_ENABLE_DEBUG_INFO = NO;
				MTL_FAST_MATH = YES;
				SDKROOT = iphoneos;
				SWIFT_COMPILATION_MODE = wholemodule;
				VALIDATE_PRODUCT = YES;
			};
			name = Release;
		};
		901721F82ECEC83C00B6B87A /* Debug */ = {
			isa = XCBuildConfiguration;
			buildSettings = {
				ASSETCATALOG_COMPILER_APPICON_NAME = AppIcon;
				ASSETCATALOG_COMPILER_GLOBAL_ACCENT_COLOR_NAME = AccentColor;
				CODE_SIGN_STYLE = Automatic;
				CURRENT_PROJECT_VERSION = 1;
				ENABLE_PREVIEWS = YES;
				GENERATE_INFOPLIST_FILE = YES;
				INFOPLIST_KEY_UIApplicationSceneManifest_Generation = YES;
				INFOPLIST_KEY_UIApplicationSupportsIndirectInputEvents = YES;
				INFOPLIST_KEY_UILaunchScreen_Generation = YES;
				INFOPLIST_KEY_UISupportedInterfaceOrientations_iPad = "UIInterfaceOrientationPortrait UIInterfaceOrientationPortraitUpsideDown UIInterfaceOrientationLandscapeLeft UIInterfaceOrientationLandscapeRight";
				INFOPLIST_KEY_UISupportedInterfaceOrientations_iPhone = "UIInterfaceOrientationPortrait UIInterfaceOrientationLandscapeLeft UIInterfaceOrientationLandscapeRight";
				LD_RUNPATH_SEARCH_PATHS = (
					"$(inherited)",
					"@executable_path/Frameworks",
				);
				MARKETING_VERSION = 1.0;
				PRODUCT_BUNDLE_IDENTIFIER = com.hap.SwiftNetworkingExample;
				PRODUCT_NAME = "$(TARGET_NAME)";
				STRING_CATALOG_GENERATE_SYMBOLS = YES;
				SWIFT_APPROACHABLE_CONCURRENCY = YES;
				SWIFT_DEFAULT_ACTOR_ISOLATION = MainActor;
				SWIFT_EMIT_LOC_STRINGS = YES;
				SWIFT_UPCOMING_FEATURE_MEMBER_IMPORT_VISIBILITY = YES;
				SWIFT_VERSION = 5.0;
				TARGETED_DEVICE_FAMILY = "1,2";
			};
			name = Debug;
		};
		901721F92ECEC83C00B6B87A /* Release */ = {
			isa = XCBuildConfiguration;
			buildSettings = {
				ASSETCATALOG_COMPILER_APPICON_NAME = AppIcon;
				ASSETCATALOG_COMPILER_GLOBAL_ACCENT_COLOR_NAME = AccentColor;
				CODE_SIGN_STYLE = Automatic;
				CURRENT_PROJECT_VERSION = 1;
				ENABLE_PREVIEWS = YES;
				GENERATE_INFOPLIST_FILE = YES;
				INFOPLIST_KEY_UIApplicationSceneManifest_Generation = YES;
				INFOPLIST_KEY_UIApplicationSupportsIndirectInputEvents = YES;
				INFOPLIST_KEY_UILaunchScreen_Generation = YES;
				INFOPLIST_KEY_UISupportedInterfaceOrientations_iPad = "UIInterfaceOrientationPortrait UIInterfaceOrientationPortraitUpsideDown UIInterfaceOrientationLandscapeLeft UIInterfaceOrientationLandscapeRight";
				INFOPLIST_KEY_UISupportedInterfaceOrientations_iPhone = "UIInterfaceOrientationPortrait UIInterfaceOrientationLandscapeLeft UIInterfaceOrientationLandscapeRight";
				LD_RUNPATH_SEARCH_PATHS = (
					"$(inherited)",
					"@executable_path/Frameworks",
				);
				MARKETING_VERSION = 1.0;
				PRODUCT_BUNDLE_IDENTIFIER = com.hap.SwiftNetworkingExample;
				PRODUCT_NAME = "$(TARGET_NAME)";
				STRING_CATALOG_GENERATE_SYMBOLS = YES;
				SWIFT_APPROACHABLE_CONCURRENCY = YES;
				SWIFT_DEFAULT_ACTOR_ISOLATION = MainActor;
				SWIFT_EMIT_LOC_STRINGS = YES;
				SWIFT_UPCOMING_FEATURE_MEMBER_IMPORT_VISIBILITY = YES;
				SWIFT_VERSION = 5.0;
				TARGETED_DEVICE_FAMILY = "1,2";
			};
			name = Release;
		};
		901721FB2ECEC83C00B6B87A /* Debug */ = {
			isa = XCBuildConfiguration;
			buildSettings = {
				BUNDLE_LOADER = "$(TEST_HOST)";
				CODE_SIGN_STYLE = Automatic;
				CURRENT_PROJECT_VERSION = 1;
				GENERATE_INFOPLIST_FILE = YES;
				IPHONEOS_DEPLOYMENT_TARGET = 26.1;
				MARKETING_VERSION = 1.0;
				PRODUCT_BUNDLE_IDENTIFIER = com.hap.SwiftNetworkingExampleTests;
				PRODUCT_NAME = "$(TARGET_NAME)";
				STRING_CATALOG_GENERATE_SYMBOLS = NO;
				SWIFT_APPROACHABLE_CONCURRENCY = YES;
				SWIFT_EMIT_LOC_STRINGS = NO;
				SWIFT_UPCOMING_FEATURE_MEMBER_IMPORT_VISIBILITY = YES;
				SWIFT_VERSION = 5.0;
				TARGETED_DEVICE_FAMILY = "1,2";
				TEST_HOST = "$(BUILT_PRODUCTS_DIR)/SwiftNetworkingExample.app/$(BUNDLE_EXECUTABLE_FOLDER_PATH)/SwiftNetworkingExample";
			};
			name = Debug;
		};
		901721FC2ECEC83C00B6B87A /* Release */ = {
			isa = XCBuildConfiguration;
			buildSettings = {
				BUNDLE_LOADER = "$(TEST_HOST)";
				CODE_SIGN_STYLE = Automatic;
				CURRENT_PROJECT_VERSION = 1;
				GENERATE_INFOPLIST_FILE = YES;
				IPHONEOS_DEPLOYMENT_TARGET = 26.1;
				MARKETING_VERSION = 1.0;
				PRODUCT_BUNDLE_IDENTIFIER = com.hap.SwiftNetworkingExampleTests;
				PRODUCT_NAME = "$(TARGET_NAME)";
				STRING_CATALOG_GENERATE_SYMBOLS = NO;
				SWIFT_APPROACHABLE_CONCURRENCY = YES;
				SWIFT_EMIT_LOC_STRINGS = NO;
				SWIFT_UPCOMING_FEATURE_MEMBER_IMPORT_VISIBILITY = YES;
				SWIFT_VERSION = 5.0;
				TARGETED_DEVICE_FAMILY = "1,2";
				TEST_HOST = "$(BUILT_PRODUCTS_DIR)/SwiftNetworkingExample.app/$(BUNDLE_EXECUTABLE_FOLDER_PATH)/SwiftNetworkingExample";
			};
			name = Release;
		};
		901721FE2ECEC83C00B6B87A /* Debug */ = {
			isa = XCBuildConfiguration;
			buildSettings = {
				CODE_SIGN_STYLE = Automatic;
				CURRENT_PROJECT_VERSION = 1;
				GENERATE_INFOPLIST_FILE = YES;
				MARKETING_VERSION = 1.0;
				PRODUCT_BUNDLE_IDENTIFIER = com.hap.SwiftNetworkingExampleUITests;
				PRODUCT_NAME = "$(TARGET_NAME)";
				STRING_CATALOG_GENERATE_SYMBOLS = NO;
				SWIFT_APPROACHABLE_CONCURRENCY = YES;
				SWIFT_EMIT_LOC_STRINGS = NO;
				SWIFT_UPCOMING_FEATURE_MEMBER_IMPORT_VISIBILITY = YES;
				SWIFT_VERSION = 5.0;
				TARGETED_DEVICE_FAMILY = "1,2";
				TEST_TARGET_NAME = SwiftNetworkingExample;
			};
			name = Debug;
		};
		901721FF2ECEC83C00B6B87A /* Release */ = {
			isa = XCBuildConfiguration;
			buildSettings = {
				CODE_SIGN_STYLE = Automatic;
				CURRENT_PROJECT_VERSION = 1;
				GENERATE_INFOPLIST_FILE = YES;
				MARKETING_VERSION = 1.0;
				PRODUCT_BUNDLE_IDENTIFIER = com.hap.SwiftNetworkingExampleUITests;
				PRODUCT_NAME = "$(TARGET_NAME)";
				STRING_CATALOG_GENERATE_SYMBOLS = NO;
				SWIFT_APPROACHABLE_CONCURRENCY = YES;
				SWIFT_EMIT_LOC_STRINGS = NO;
				SWIFT_UPCOMING_FEATURE_MEMBER_IMPORT_VISIBILITY = YES;
				SWIFT_VERSION = 5.0;
				TARGETED_DEVICE_FAMILY = "1,2";
				TEST_TARGET_NAME = SwiftNetworkingExample;
			};
			name = Release;
		};
/* End XCBuildConfiguration section */

/* Begin XCConfigurationList section */
		901721CF2ECEC83900B6B87A /* Build configuration list for PBXProject "SwiftNetworkingExample" */ = {
			isa = XCConfigurationList;
			buildConfigurations = (
				901721F52ECEC83C00B6B87A /* Debug */,
				901721F62ECEC83C00B6B87A /* Release */,
			);
			defaultConfigurationIsVisible = 0;
			defaultConfigurationName = Release;
		};
		901721F72ECEC83C00B6B87A /* Build configuration list for PBXNativeTarget "SwiftNetworkingExample" */ = {
			isa = XCConfigurationList;
			buildConfigurations = (
				901721F82ECEC83C00B6B87A /* Debug */,
				901721F92ECEC83C00B6B87A /* Release */,
			);
			defaultConfigurationIsVisible = 0;
			defaultConfigurationName = Release;
		};
		901721FA2ECEC83C00B6B87A /* Build configuration list for PBXNativeTarget "SwiftNetworkingExampleTests" */ = {
			isa = XCConfigurationList;
			buildConfigurations = (
				901721FB2ECEC83C00B6B87A /* Debug */,
				901721FC2ECEC83C00B6B87A /* Release */,
			);
			defaultConfigurationIsVisible = 0;
			defaultConfigurationName = Release;
		};
		901721FD2ECEC83C00B6B87A /* Build configuration list for PBXNativeTarget "SwiftNetworkingExampleUITests" */ = {
			isa = XCConfigurationList;
			buildConfigurations = (
				901721FE2ECEC83C00B6B87A /* Debug */,
				901721FF2ECEC83C00B6B87A /* Release */,
			);
			defaultConfigurationIsVisible = 0;
			defaultConfigurationName = Release;
		};
/* End XCConfigurationList section */

/* Begin XCRemoteSwiftPackageReference section */
		901722A82ED00DA900B6B87A /* XCRemoteSwiftPackageReference "SwiftNetworking" */ = {
			isa = XCRemoteSwiftPackageReference;
			repositoryURL = "https://github.com/himanshu-arun-patwardhan/SwiftNetworking";
			requirement = {
				kind = upToNextMajorVersion;
				minimumVersion = 1.0.1;
			};
		};
/* End XCRemoteSwiftPackageReference section */

/* Begin XCSwiftPackageProductDependency section */
		901722A92ED00DA900B6B87A /* SwiftNetworking */ = {
			isa = XCSwiftPackageProductDependency;
			package = 901722A82ED00DA900B6B87A /* XCRemoteSwiftPackageReference "SwiftNetworking" */;
			productName = SwiftNetworking;
		};
/* End XCSwiftPackageProductDependency section */
	};
	rootObject = 901721CC2ECEC83900B6B87A /* Project object */;
}
